
Microsoft Visual Studio Solution File, Format Version 12.00
# Visual Studio Version 16
VisualStudioVersion = 16.0.29306.81
MinimumVisualStudioVersion = 10.0.40219.1
Project("{888888A0-9F3D-457C-B088-3A5042F75D52}") = "SmsMegasena", "SmsMegasena\SmsMegasena.pyproj", "{0964E182-2FE5-49F1-9C1D-DB6DE88021F5}"
EndProject
Global
	GlobalSection(SolutionConfigurationPlatforms) = preSolution
		Debug|Any CPU = Debug|Any CPU
		Release|Any CPU = Release|Any CPU
	EndGlobalSection
	GlobalSection(ProjectConfigurationPlatforms) = postSolution
		{0964E182-2FE5-49F1-9C1D-DB6DE88021F5}.Debug|Any CPU.ActiveCfg = Debug|Any CPU
		{0964E182-2FE5-49F1-9C1D-DB6DE88021F5}.Release|Any CPU.ActiveCfg = Release|Any CPU
	EndGlobalSection
	GlobalSection(SolutionProperties) = preSolution
		HideSolutionNode = FALSE
	EndGlobalSection
	GlobalSection(ExtensibilityGlobals) = postSolution
		SolutionGuid = {1E80661D-D4D6-482D-AEC4-F99BC13E1E90}
	EndGlobalSection
EndGlobal
